
Microsoft Visual Studio Solution File, Format Version 12.00
# Visual Studio 15
VisualStudioVersion = 15.0.28307.168
MinimumVisualStudioVersion = 10.0.40219.1
Project("{8BC9CEB8-8B4A-11D0-8D11-00A0C91BC942}") = "AdventOfCode2019", "AdventOfCode2019\AdventOfCode2019.vcxproj", "{DF0DA5A1-FD71-400E-9C06-9843CA73A019}"
EndProject
Global
	GlobalSection(SolutionConfigurationPlatforms) = preSolution
		Debug|x64 = Debug|x64
		Debug|x86 = Debug|x86
		Release|x64 = Release|x64
		Release|x86 = Release|x86
	EndGlobalSection
	GlobalSection(ProjectConfigurationPlatforms) = postSolution
		{DF0DA5A1-FD71-400E-9C06-9843CA73A019}.Debug|x64.ActiveCfg = Debug|x64
		{DF0DA5A1-FD71-400E-9C06-9843CA73A019}.Debug|x64.Build.0 = Debug|x64
		{DF0DA5A1-FD71-400E-9C06-9843CA73A019}.Debug|x86.ActiveCfg = Debug|Win32
		{DF0DA5A1-FD71-400E-9C06-9843CA73A019}.Debug|x86.Build.0 = Debug|Win32
		{DF0DA5A1-FD71-400E-9C06-9843CA73A019}.Release|x64.ActiveCfg = Release|x64
		{DF0DA5A1-FD71-400E-9C06-9843CA73A019}.Release|x64.Build.0 = Release|x64
		{DF0DA5A1-FD71-400E-9C06-9843CA73A019}.Release|x86.ActiveCfg = Release|Win32
		{DF0DA5A1-FD71-400E-9C06-9843CA73A019}.Release|x86.Build.0 = Release|Win32
	EndGlobalSection
	GlobalSection(SolutionProperties) = preSolution
		HideSolutionNode = FALSE
	EndGlobalSection
	GlobalSection(ExtensibilityGlobals) = postSolution
		SolutionGuid = {0EBCC432-190D-410F-9A3F-01E5C4EB79F4}
	EndGlobalSection
EndGlobal
